
Microsoft Visual Studio Solution File, Format Version 12.00
# Visual Studio Version 17
VisualStudioVersion = 17.4.33403.182
MinimumVisualStudioVersion = 10.0.40219.1
Project("{FAE04EC0-301F-11D3-BF4B-00C04F79EFBC}") = "Redis", "Redis\Redis.csproj", "{CE87DDBB-29EC-459A-ACA8-C3E520C16970}"
EndProject
Global
	GlobalSection(SolutionConfigurationPlatforms) = preSolution
		Debug|Any CPU = Debug|Any CPU
		Release|Any CPU = Release|Any CPU
	EndGlobalSection
	GlobalSection(ProjectConfigurationPlatforms) = postSolution
		{CE87DDBB-29EC-459A-ACA8-C3E520C16970}.Debug|Any CPU.ActiveCfg = Debug|Any CPU
		{CE87DDBB-29EC-459A-ACA8-C3E520C16970}.Debug|Any CPU.Build.0 = Debug|Any CPU
		{CE87DDBB-29EC-459A-ACA8-C3E520C16970}.Release|Any CPU.ActiveCfg = Release|Any CPU
		{CE87DDBB-29EC-459A-ACA8-C3E520C16970}.Release|Any CPU.Build.0 = Release|Any CPU
	EndGlobalSection
	GlobalSection(SolutionProperties) = preSolution
		HideSolutionNode = FALSE
	EndGlobalSection
	GlobalSection(ExtensibilityGlobals) = postSolution
		SolutionGuid = {9D3A6248-658F-4787-A830-663C7D7FB537}
	EndGlobalSection
EndGlobal
